// !$*UTF8*$!
{
	archiveVersion = 1;
	classes = {
	};
	objectVersion = 50;
	objects = {

/* Begin PBXBuildFile section */
		0F5E33E8242F330500623068 /* AppDelegate.m in Sources */ = {isa = PBXBuildFile; fileRef = 0F5E33E7242F330400623068 /* AppDelegate.m */; };
		0F5E33EB242F330500623068 /* SceneDelegate.m in Sources */ = {isa = PBXBuildFile; fileRef = 0F5E33EA242F330500623068 /* SceneDelegate.m */; };
		0F5E33EE242F330500623068 /* ViewController.m in Sources */ = {isa = PBXBuildFile; fileRef = 0F5E33ED242F330500623068 /* ViewController.m */; };
		0F5E33F1242F330500623068 /* Main.storyboard in Resources */ = {isa = PBXBuildFile; fileRef = 0F5E33EF242F330500623068 /* Main.storyboard */; };
		0F5E33F3242F330600623068 /* Assets.xcassets in Resources */ = {isa = PBXBuildFile; fileRef = 0F5E33F2242F330600623068 /* Assets.xcassets */; };
		0F5E33F6242F330600623068 /* LaunchScreen.storyboard in Resources */ = {isa = PBXBuildFile; fileRef = 0F5E33F4242F330600623068 /* LaunchScreen.storyboard */; };
		0F5E33F9242F330600623068 /* main.m in Sources */ = {isa = PBXBuildFile; fileRef = 0F5E33F8242F330600623068 /* main.m */; };
		0F5E3403242F330600623068 /* ZHFloatWindowTests.m in Sources */ = {isa = PBXBuildFile; fileRef = 0F5E3402242F330600623068 /* ZHFloatWindowTests.m */; };
		0F5E340E242F330600623068 /* ZHFloatWindowUITests.m in Sources */ = {isa = PBXBuildFile; fileRef = 0F5E340D242F330600623068 /* ZHFloatWindowUITests.m */; };
		0F5E341D242F338600623068 /* ZHFloatView.m in Sources */ = {isa = PBXBuildFile; fileRef = 0F5E341C242F338600623068 /* ZHFloatView.m */; };
		0F5E341F242F434200623068 /* applet-icon.png in Resources */ = {isa = PBXBuildFile; fileRef = 0F5E341E242F434200623068 /* applet-icon.png */; };
/* End PBXBuildFile section */

/* Begin PBXContainerItemProxy section */
		0F5E33FF242F330600623068 /* PBXContainerItemProxy */ = {
			isa = PBXContainerItemProxy;
			containerPortal = 0F5E33DB242F330400623068 /* Project object */;
			proxyType = 1;
			remoteGlobalIDString = 0F5E33E2242F330400623068;
			remoteInfo = ZHFloatWindow;
		};
		0F5E340A242F330600623068 /* PBXContainerItemProxy */ = {
			isa = PBXContainerItemProxy;
			containerPortal = 0F5E33DB242F330400623068 /* Project object */;
			proxyType = 1;
			remoteGlobalIDString = 0F5E33E2242F330400623068;
			remoteInfo = ZHFloatWindow;
		};
/* End PBXContainerItemProxy section */

/* Begin PBXFileReference section */
		0F5E33E3242F330400623068 /* ZHFloatWindow.app */ = {isa = PBXFileReference; explicitFileType = wrapper.application; includeInIndex = 0; path = ZHFloatWindow.app; sourceTree = BUILT_PRODUCTS_DIR; };
		0F5E33E6242F330400623068 /* AppDelegate.h */ = {isa = PBXFileReference; lastKnownFileType = sourcecode.c.h; path = AppDelegate.h; sourceTree = "<group>"; };
		0F5E33E7242F330400623068 /* AppDelegate.m */ = {isa = PBXFileReference; lastKnownFileType = sourcecode.c.objc; path = AppDelegate.m; sourceTree = "<group>"; };
		0F5E33E9242F330500623068 /* SceneDelegate.h */ = {isa = PBXFileReference; lastKnownFileType = sourcecode.c.h; path = SceneDelegate.h; sourceTree = "<group>"; };
		0F5E33EA242F330500623068 /* SceneDelegate.m */ = {isa = PBXFileReference; lastKnownFileType = sourcecode.c.objc; path = SceneDelegate.m; sourceTree = "<group>"; };
		0F5E33EC242F330500623068 /* ViewController.h */ = {isa = PBXFileReference; lastKnownFileType = sourcecode.c.h; path = ViewController.h; sourceTree = "<group>"; };
		0F5E33ED242F330500623068 /* ViewController.m */ = {isa = PBXFileReference; lastKnownFileType = sourcecode.c.objc; path = ViewController.m; sourceTree = "<group>"; };
		0F5E33F0242F330500623068 /* Base */ = {isa = PBXFileReference; lastKnownFileType = file.storyboard; name = Base; path = Base.lproj/Main.storyboard; sourceTree = "<group>"; };
		0F5E33F2242F330600623068 /* Assets.xcassets */ = {isa = PBXFileReference; lastKnownFileType = folder.assetcatalog; path = Assets.xcassets; sourceTree = "<group>"; };
		0F5E33F5242F330600623068 /* Base */ = {isa = PBXFileReference; lastKnownFileType = file.storyboard; name = Base; path = Base.lproj/LaunchScreen.storyboard; sourceTree = "<group>"; };
		0F5E33F7242F330600623068 /* Info.plist */ = {isa = PBXFileReference; lastKnownFileType = text.plist.xml; path = Info.plist; sourceTree = "<group>"; };
		0F5E33F8242F330600623068 /* main.m */ = {isa = PBXFileReference; lastKnownFileType = sourcecode.c.objc; path = main.m; sourceTree = "<group>"; };
		0F5E33FE242F330600623068 /* ZHFloatWindowTests.xctest */ = {isa = PBXFileReference; explicitFileType = wrapper.cfbundle; includeInIndex = 0; path = ZHFloatWindowTests.xctest; sourceTree = BUILT_PRODUCTS_DIR; };
		0F5E3402242F330600623068 /* ZHFloatWindowTests.m */ = {isa = PBXFileReference; lastKnownFileType = sourcecode.c.objc; path = ZHFloatWindowTests.m; sourceTree = "<group>"; };
		0F5E3404242F330600623068 /* Info.plist */ = {isa = PBXFileReference; lastKnownFileType = text.plist.xml; path = Info.plist; sourceTree = "<group>"; };
		0F5E3409242F330600623068 /* ZHFloatWindowUITests.xctest */ = {isa = PBXFileReference; explicitFileType = wrapper.cfbundle; includeInIndex = 0; path = ZHFloatWindowUITests.xctest; sourceTree = BUILT_PRODUCTS_DIR; };
		0F5E340D242F330600623068 /* ZHFloatWindowUITests.m */ = {isa = PBXFileReference; lastKnownFileType = sourcecode.c.objc; path = ZHFloatWindowUITests.m; sourceTree = "<group>"; };
		0F5E340F242F330600623068 /* Info.plist */ = {isa = PBXFileReference; lastKnownFileType = text.plist.xml; path = Info.plist; sourceTree = "<group>"; };
		0F5E341B242F338600623068 /* ZHFloatView.h */ = {isa = PBXFileReference; lastKnownFileType = sourcecode.c.h; path = ZHFloatView.h; sourceTree = "<group>"; };
		0F5E341C242F338600623068 /* ZHFloatView.m */ = {isa = PBXFileReference; lastKnownFileType = sourcecode.c.objc; path = ZHFloatView.m; sourceTree = "<group>"; };
		0F5E341E242F434200623068 /* applet-icon.png */ = {isa = PBXFileReference; lastKnownFileType = image.png; path = "applet-icon.png"; sourceTree = "<group>"; };
/* End PBXFileReference section */

/* Begin PBXFrameworksBuildPhase section */
		0F5E33E0242F330400623068 /* Frameworks */ = {
			isa = PBXFrameworksBuildPhase;
			buildActionMask = 2147483647;
			files = (
			);
			runOnlyForDeploymentPostprocessing = 0;
		};
		0F5E33FB242F330600623068 /* Frameworks */ = {
			isa = PBXFrameworksBuildPhase;
			buildActionMask = 2147483647;
			files = (
			);
			runOnlyForDeploymentPostprocessing = 0;
		};
		0F5E3406242F330600623068 /* Frameworks */ = {
			isa = PBXFrameworksBuildPhase;
			buildActionMask = 2147483647;
			files = (
			);
			runOnlyForDeploymentPostprocessing = 0;
		};
/* End PBXFrameworksBuildPhase section */

/* Begin PBXGroup section */
		0F5E33DA242F330400623068 = {
			isa = PBXGroup;
			children = (
				0F5E33E5242F330400623068 /* ZHFloatWindow */,
				0F5E3401242F330600623068 /* ZHFloatWindowTests */,
				0F5E340C242F330600623068 /* ZHFloatWindowUITests */,
				0F5E33E4242F330400623068 /* Products */,
			);
			sourceTree = "<group>";
		};
		0F5E33E4242F330400623068 /* Products */ = {
			isa = PBXGroup;
			children = (
				0F5E33E3242F330400623068 /* ZHFloatWindow.app */,
				0F5E33FE242F330600623068 /* ZHFloatWindowTests.xctest */,
				0F5E3409242F330600623068 /* ZHFloatWindowUITests.xctest */,
			);
			name = Products;
			sourceTree = "<group>";
		};
		0F5E33E5242F330400623068 /* ZHFloatWindow */ = {
			isa = PBXGroup;
			children = (
				0F5E33E6242F330400623068 /* AppDelegate.h */,
				0F5E33E7242F330400623068 /* AppDelegate.m */,
				0F5E33E9242F330500623068 /* SceneDelegate.h */,
				0F5E33EA242F330500623068 /* SceneDelegate.m */,
				0F5E33EC242F330500623068 /* ViewController.h */,
				0F5E33ED242F330500623068 /* ViewController.m */,
				0F638676248200FE00C6255C /* Float */,
				0F638675248200F900C6255C /* Resources */,
				0F5E33EF242F330500623068 /* Main.storyboard */,
				0F5E33F2242F330600623068 /* Assets.xcassets */,
				0F5E33F4242F330600623068 /* LaunchScreen.storyboard */,
				0F5E33F7242F330600623068 /* Info.plist */,
				0F5E33F8242F330600623068 /* main.m */,
			);
			path = ZHFloatWindow;
			sourceTree = "<group>";
		};
		0F5E3401242F330600623068 /* ZHFloatWindowTests */ = {
			isa = PBXGroup;
			children = (
				0F5E3402242F330600623068 /* ZHFloatWindowTests.m */,
				0F5E3404242F330600623068 /* Info.plist */,
			);
			path = ZHFloatWindowTests;
			sourceTree = "<group>";
		};
		0F5E340C242F330600623068 /* ZHFloatWindowUITests */ = {
			isa = PBXGroup;
			children = (
				0F5E340D242F330600623068 /* ZHFloatWindowUITests.m */,
				0F5E340F242F330600623068 /* Info.plist */,
			);
			path = ZHFloatWindowUITests;
			sourceTree = "<group>";
		};
		0F638675248200F900C6255C /* Resources */ = {
			isa = PBXGroup;
			children = (
				0F5E341E242F434200623068 /* applet-icon.png */,
			);
			path = Resources;
			sourceTree = "<group>";
		};
		0F638676248200FE00C6255C /* Float */ = {
			isa = PBXGroup;
			children = (
				0F5E341B242F338600623068 /* ZHFloatView.h */,
				0F5E341C242F338600623068 /* ZHFloatView.m */,
			);
			path = Float;
			sourceTree = "<group>";
		};
/* End PBXGroup section */

/* Begin PBXNativeTarget section */
		0F5E33E2242F330400623068 /* ZHFloatWindow */ = {
			isa = PBXNativeTarget;
			buildConfigurationList = 0F5E3412242F330600623068 /* Build configuration list for PBXNativeTarget "ZHFloatWindow" */;
			buildPhases = (
				0F5E33DF242F330400623068 /* Sources */,
				0F5E33E0242F330400623068 /* Frameworks */,
				0F5E33E1242F330400623068 /* Resources */,
			);
			buildRules = (
			);
			dependencies = (
			);
			name = ZHFloatWindow;
			productName = ZHFloatWindow;
			productReference = 0F5E33E3242F330400623068 /* ZHFloatWindow.app */;
			productType = "com.apple.product-type.application";
		};
		0F5E33FD242F330600623068 /* ZHFloatWindowTests */ = {
			isa = PBXNativeTarget;
			buildConfigurationList = 0F5E3415242F330600623068 /* Build configuration list for PBXNativeTarget "ZHFloatWindowTests" */;
			buildPhases = (
				0F5E33FA242F330600623068 /* Sources */,
				0F5E33FB242F330600623068 /* Frameworks */,
				0F5E33FC242F330600623068 /* Resources */,
			);
			buildRules = (
			);
			dependencies = (
				0F5E3400242F330600623068 /* PBXTargetDependency */,
			);
			name = ZHFloatWindowTests;
			productName = ZHFloatWindowTests;
			productReference = 0F5E33FE242F330600623068 /* ZHFloatWindowTests.xctest */;
			productType = "com.apple.product-type.bundle.unit-test";
		};
		0F5E3408242F330600623068 /* ZHFloatWindowUITests */ = {
			isa = PBXNativeTarget;
			buildConfigurationList = 0F5E3418242F330600623068 /* Build configuration list for PBXNativeTarget "ZHFloatWindowUITests" */;
			buildPhases = (
				0F5E3405242F330600623068 /* Sources */,
				0F5E3406242F330600623068 /* Frameworks */,
				0F5E3407242F330600623068 /* Resources */,
			);
			buildRules = (
			);
			dependencies = (
				0F5E340B242F330600623068 /* PBXTargetDependency */,
			);
			name = ZHFloatWindowUITests;
			productName = ZHFloatWindowUITests;
			productReference = 0F5E3409242F330600623068 /* ZHFloatWindowUITests.xctest */;
			productType = "com.apple.product-type.bundle.ui-testing";
		};
/* End PBXNativeTarget section */

/* Begin PBXProject section */
		0F5E33DB242F330400623068 /* Project object */ = {
			isa = PBXProject;
			attributes = {
				LastUpgradeCheck = 1120;
				ORGANIZATIONNAME = Zheng;
				TargetAttributes = {
					0F5E33E2242F330400623068 = {
						CreatedOnToolsVersion = 11.2;
					};
					0F5E33FD242F330600623068 = {
						CreatedOnToolsVersion = 11.2;
						TestTargetID = 0F5E33E2242F330400623068;
					};
					0F5E3408242F330600623068 = {
						CreatedOnToolsVersion = 11.2;
						TestTargetID = 0F5E33E2242F330400623068;
					};
				};
			};
			buildConfigurationList = 0F5E33DE242F330400623068 /* Build configuration list for PBXProject "ZHFloatWindow" */;
			compatibilityVersion = "Xcode 9.3";
			developmentRegion = en;
			hasScannedForEncodings = 0;
			knownRegions = (
				en,
				Base,
			);
			mainGroup = 0F5E33DA242F330400623068;
			productRefGroup = 0F5E33E4242F330400623068 /* Products */;
			projectDirPath = "";
			projectRoot = "";
			targets = (
				0F5E33E2242F330400623068 /* ZHFloatWindow */,
				0F5E33FD242F330600623068 /* ZHFloatWindowTests */,
				0F5E3408242F330600623068 /* ZHFloatWindowUITests */,
			);
		};
/* End PBXProject section */

/* Begin PBXResourcesBuildPhase section */
		0F5E33E1242F330400623068 /* Resources */ = {
			isa = PBXResourcesBuildPhase;
			buildActionMask = 2147483647;
			files = (
				0F5E33F6242F330600623068 /* LaunchScreen.storyboard in Resources */,
				0F5E33F3242F330600623068 /* Assets.xcassets in Resources */,
				0F5E341F242F434200623068 /* applet-icon.png in Resources */,
				0F5E33F1242F330500623068 /* Main.storyboard in Resources */,
			);
			runOnlyForDeploymentPostprocessing = 0;
		};
		0F5E33FC242F330600623068 /* Resources */ = {
			isa = PBXResourcesBuildPhase;
			buildActionMask = 2147483647;
			files = (
			);
			runOnlyForDeploymentPostprocessing = 0;
		};
		0F5E3407242F330600623068 /* Resources */ = {
			isa = PBXResourcesBuildPhase;
			buildActionMask = 2147483647;
			files = (
			);
			runOnlyForDeploymentPostprocessing = 0;
		};
/* End PBXResourcesBuildPhase section */

/* Begin PBXSourcesBuildPhase section */
		0F5E33DF242F330400623068 /* Sources */ = {
			isa = PBXSourcesBuildPhase;
			buildActionMask = 2147483647;
			files = (
				0F5E33EE242F330500623068 /* ViewController.m in Sources */,
				0F5E33E8242F330500623068 /* AppDelegate.m in Sources */,
				0F5E341D242F338600623068 /* ZHFloatView.m in Sources */,
				0F5E33F9242F330600623068 /* main.m in Sources */,
				0F5E33EB242F330500623068 /* SceneDelegate.m in Sources */,
			);
			runOnlyForDeploymentPostprocessing = 0;
		};
		0F5E33FA242F330600623068 /* Sources */ = {
			isa = PBXSourcesBuildPhase;
			buildActionMask = 2147483647;
			files = (
				0F5E3403242F330600623068 /* ZHFloatWindowTests.m in Sources */,
			);
			runOnlyForDeploymentPostprocessing = 0;
		};
		0F5E3405242F330600623068 /* Sources */ = {
			isa = PBXSourcesBuildPhase;
			buildActionMask = 2147483647;
			files = (
				0F5E340E242F330600623068 /* ZHFloatWindowUITests.m in Sources */,
			);
			runOnlyForDeploymentPostprocessing = 0;
		};
/* End PBXSourcesBuildPhase section */

/* Begin PBXTargetDependency section */
		0F5E3400242F330600623068 /* PBXTargetDependency */ = {
			isa = PBXTargetDependency;
			target = 0F5E33E2242F330400623068 /* ZHFloatWindow */;
			targetProxy = 0F5E33FF242F330600623068 /* PBXContainerItemProxy */;
		};
		0F5E340B242F330600623068 /* PBXTargetDependency */ = {
			isa = PBXTargetDependency;
			target = 0F5E33E2242F330400623068 /* ZHFloatWindow */;
			targetProxy = 0F5E340A242F330600623068 /* PBXContainerItemProxy */;
		};
/* End PBXTargetDependency section */

/* Begin PBXVariantGroup section */
		0F5E33EF242F330500623068 /* Main.storyboard */ = {
			isa = PBXVariantGroup;
			children = (
				0F5E33F0242F330500623068 /* Base */,
			);
			name = Main.storyboard;
			sourceTree = "<group>";
		};
		0F5E33F4242F330600623068 /* LaunchScreen.storyboard */ = {
			isa = PBXVariantGroup;
			children = (
				0F5E33F5242F330600623068 /* Base */,
			);
			name = LaunchScreen.storyboard;
			sourceTree = "<group>";
		};
/* End PBXVariantGroup section */

/* Begin XCBuildConfiguration section */
		0F5E3410242F330600623068 /* Debug */ = {
			isa = XCBuildConfiguration;
			buildSettings = {
				ALWAYS_SEARCH_USER_PATHS = NO;
				CLANG_ANALYZER_NONNULL = YES;
				CLANG_ANALYZER_NUMBER_OBJECT_CONVERSION = YES_AGGRESSIVE;
				CLANG_CXX_LANGUAGE_STANDARD = "gnu++14";
				CLANG_CXX_LIBRARY = "libc++";
				CLANG_ENABLE_MODULES = YES;
				CLANG_ENABLE_OBJC_ARC = YES;
				CLANG_ENABLE_OBJC_WEAK = YES;
				CLANG_WARN_BLOCK_CAPTURE_AUTORELEASING = YES;
				CLANG_WARN_BOOL_CONVERSION = YES;
				CLANG_WARN_COMMA = YES;
				CLANG_WARN_CONSTANT_CONVERSION = YES;
				CLANG_WARN_DEPRECATED_OBJC_IMPLEMENTATIONS = YES;
				CLANG_WARN_DIRECT_OBJC_ISA_USAGE = YES_ERROR;
				CLANG_WARN_DOCUMENTATION_COMMENTS = YES;
				CLANG_WARN_EMPTY_BODY = YES;
				CLANG_WARN_ENUM_CONVERSION = YES;
				CLANG_WARN_INFINITE_RECURSION = YES;
				CLANG_WARN_INT_CONVERSION = YES;
				CLANG_WARN_NON_LITERAL_NULL_CONVERSION = YES;
				CLANG_WARN_OBJC_IMPLICIT_RETAIN_SELF = YES;
				CLANG_WARN_OBJC_LITERAL_CONVERSION = YES;
				CLANG_WARN_OBJC_ROOT_CLASS = YES_ERROR;
				CLANG_WARN_RANGE_LOOP_ANALYSIS = YES;
				CLANG_WARN_STRICT_PROTOTYPES = YES;
				CLANG_WARN_SUSPICIOUS_MOVE = YES;
				CLANG_WARN_UNGUARDED_AVAILABILITY = YES_AGGRESSIVE;
				CLANG_WARN_UNREACHABLE_CODE = YES;
				CLANG_WARN__DUPLICATE_METHOD_MATCH = YES;
				COPY_PHASE_STRIP = NO;
				DEBUG_INFORMATION_FORMAT = dwarf;
				ENABLE_STRICT_OBJC_MSGSEND = YES;
				ENABLE_TESTABILITY = YES;
				GCC_C_LANGUAGE_STANDARD = gnu11;
				GCC_DYNAMIC_NO_PIC = NO;
				GCC_NO_COMMON_BLOCKS = YES;
				GCC_OPTIMIZATION_LEVEL = 0;
				GCC_PREPROCESSOR_DEFINITIONS = (
					"DEBUG=1",
					"$(inherited)",
				);
				GCC_WARN_64_TO_32_BIT_CONVERSION = YES;
				GCC_WARN_ABOUT_RETURN_TYPE = YES_ERROR;
				GCC_WARN_UNDECLARED_SELECTOR = YES;
				GCC_WARN_UNINITIALIZED_AUTOS = YES_AGGRESSIVE;
				GCC_WARN_UNUSED_FUNCTION = YES;
				GCC_WARN_UNUSED_VARIABLE = YES;
				IPHONEOS_DEPLOYMENT_TARGET = 13.2;
				MTL_ENABLE_DEBUG_INFO = INCLUDE_SOURCE;
				MTL_FAST_MATH = YES;
				ONLY_ACTIVE_ARCH = YES;
				SDKROOT = iphoneos;
			};
			name = Debug;
		};
		0F5E3411242F330600623068 /* Release */ = {
			isa = XCBuildConfiguration;
			buildSettings = {
				ALWAYS_SEARCH_USER_PATHS = NO;
				CLANG_ANALYZER_NONNULL = YES;
				CLANG_ANALYZER_NUMBER_OBJECT_CONVERSION = YES_AGGRESSIVE;
				CLANG_CXX_LANGUAGE_STANDARD = "gnu++14";
				CLANG_CXX_LIBRARY = "libc++";
				CLANG_ENABLE_MODULES = YES;
				CLANG_ENABLE_OBJC_ARC = YES;
				CLANG_ENABLE_OBJC_WEAK = YES;
				CLANG_WARN_BLOCK_CAPTURE_AUTORELEASING = YES;
				CLANG_WARN_BOOL_CONVERSION = YES;
				CLANG_WARN_COMMA = YES;
				CLANG_WARN_CONSTANT_CONVERSION = YES;
				CLANG_WARN_DEPRECATED_OBJC_IMPLEMENTATIONS = YES;
				CLANG_WARN_DIRECT_OBJC_ISA_USAGE = YES_ERROR;
				CLANG_WARN_DOCUMENTATION_COMMENTS = YES;
				CLANG_WARN_EMPTY_BODY = YES;
				CLANG_WARN_ENUM_CONVERSION = YES;
				CLANG_WARN_INFINITE_RECURSION = YES;
				CLANG_WARN_INT_CONVERSION = YES;
				CLANG_WARN_NON_LITERAL_NULL_CONVERSION = YES;
				CLANG_WARN_OBJC_IMPLICIT_RETAIN_SELF = YES;
				CLANG_WARN_OBJC_LITERAL_CONVERSION = YES;
				CLANG_WARN_OBJC_ROOT_CLASS = YES_ERROR;
				CLANG_WARN_RANGE_LOOP_ANALYSIS = YES;
				CLANG_WARN_STRICT_PROTOTYPES = YES;
				CLANG_WARN_SUSPICIOUS_MOVE = YES;
				CLANG_WARN_UNGUARDED_AVAILABILITY = YES_AGGRESSIVE;
				CLANG_WARN_UNREACHABLE_CODE = YES;
				CLANG_WARN__DUPLICATE_METHOD_MATCH = YES;
				COPY_PHASE_STRIP = NO;
				DEBUG_INFORMATION_FORMAT = "dwarf-with-dsym";
				ENABLE_NS_ASSERTIONS = NO;
				ENABLE_STRICT_OBJC_MSGSEND = YES;
				GCC_C_LANGUAGE_STANDARD = gnu11;
				GCC_NO_COMMON_BLOCKS = YES;
				GCC_WARN_64_TO_32_BIT_CONVERSION = YES;
				GCC_WARN_ABOUT_RETURN_TYPE = YES_ERROR;
				GCC_WARN_UNDECLARED_SELECTOR = YES;
				GCC_WARN_UNINITIALIZED_AUTOS = YES_AGGRESSIVE;
				GCC_WARN_UNUSED_FUNCTION = YES;
				GCC_WARN_UNUSED_VARIABLE = YES;
				IPHONEOS_DEPLOYMENT_TARGET = 13.2;
				MTL_ENABLE_DEBUG_INFO = NO;
				MTL_FAST_MATH = YES;
				SDKROOT = iphoneos;
				VALIDATE_PRODUCT = YES;
			};
			name = Release;
		};
		0F5E3413242F330600623068 /* Debug */ = {
			isa = XCBuildConfiguration;
			buildSettings = {
				ASSETCATALOG_COMPILER_APPICON_NAME = AppIcon;
				CODE_SIGN_STYLE = Automatic;
				INFOPLIST_FILE = ZHFloatWindow/Info.plist;
				IPHONEOS_DEPLOYMENT_TARGET = 10.0;
				LD_RUNPATH_SEARCH_PATHS = (
					"$(inherited)",
					"@executable_path/Frameworks",
				);
				PRODUCT_BUNDLE_IDENTIFIER = Zheng.ZHFloatWindow;
				PRODUCT_NAME = "$(TARGET_NAME)";
				TARGETED_DEVICE_FAMILY = "1,2";
			};
			name = Debug;
		};
		0F5E3414242F330600623068 /* Release */ = {
			isa = XCBuildConfiguration;
			buildSettings = {
				ASSETCATALOG_COMPILER_APPICON_NAME = AppIcon;
				CODE_SIGN_STYLE = Automatic;
				INFOPLIST_FILE = ZHFloatWindow/Info.plist;
				IPHONEOS_DEPLOYMENT_TARGET = 10.0;
				LD_RUNPATH_SEARCH_PATHS = (
					"$(inherited)",
					"@executable_path/Frameworks",
				);
				PRODUCT_BUNDLE_IDENTIFIER = Zheng.ZHFloatWindow;
				PRODUCT_NAME = "$(TARGET_NAME)";
				TARGETED_DEVICE_FAMILY = "1,2";
			};
			name = Release;
		};
		0F5E3416242F330600623068 /* Debug */ = {
			isa = XCBuildConfiguration;
			buildSettings = {
				BUNDLE_LOADER = "$(TEST_HOST)";
				CODE_SIGN_STYLE = Automatic;
				INFOPLIST_FILE = ZHFloatWindowTests/Info.plist;
				IPHONEOS_DEPLOYMENT_TARGET = 13.2;
				LD_RUNPATH_SEARCH_PATHS = (
					"$(inherited)",
					"@executable_path/Frameworks",
					"@loader_path/Frameworks",
				);
				PRODUCT_BUNDLE_IDENTIFIER = Zheng.ZHFloatWindowTests;
				PRODUCT_NAME = "$(TARGET_NAME)";
				TARGETED_DEVICE_FAMILY = "1,2";
				TEST_HOST = "$(BUILT_PRODUCTS_DIR)/ZHFloatWindow.app/ZHFloatWindow";
			};
			name = Debug;
		};
		0F5E3417242F330600623068 /* Release */ = {
			isa = XCBuildConfiguration;
			buildSettings = {
				BUNDLE_LOADER = "$(TEST_HOST)";
				CODE_SIGN_STYLE = Automatic;
				INFOPLIST_FILE = ZHFloatWindowTests/Info.plist;
				IPHONEOS_DEPLOYMENT_TARGET = 13.2;
				LD_RUNPATH_SEARCH_PATHS = (
					"$(inherited)",
					"@executable_path/Frameworks",
					"@loader_path/Frameworks",
				);
				PRODUCT_BUNDLE_IDENTIFIER = Zheng.ZHFloatWindowTests;
				PRODUCT_NAME = "$(TARGET_NAME)";
				TARGETED_DEVICE_FAMILY = "1,2";
				TEST_HOST = "$(BUILT_PRODUCTS_DIR)/ZHFloatWindow.app/ZHFloatWindow";
			};
			name = Release;
		};
		0F5E3419242F330600623068 /* Debug */ = {
			isa = XCBuildConfiguration;
			buildSettings = {
				CODE_SIGN_STYLE = Automatic;
				INFOPLIST_FILE = ZHFloatWindowUITests/Info.plist;
				LD_RUNPATH_SEARCH_PATHS = (
					"$(inherited)",
					"@executable_path/Frameworks",
					"@loader_path/Frameworks",
				);
				PRODUCT_BUNDLE_IDENTIFIER = Zheng.ZHFloatWindowUITests;
				PRODUCT_NAME = "$(TARGET_NAME)";
				TARGETED_DEVICE_FAMILY = "1,2";
				TEST_TARGET_NAME = ZHFloatWindow;
			};
			name = Debug;
		};
		0F5E341A242F330600623068 /* Release */ = {
			isa = XCBuildConfiguration;
			buildSettings = {
				CODE_SIGN_STYLE = Automatic;
				INFOPLIST_FILE = ZHFloatWindowUITests/Info.plist;
				LD_RUNPATH_SEARCH_PATHS = (
					"$(inherited)",
					"@executable_path/Frameworks",
					"@loader_path/Frameworks",
				);
				PRODUCT_BUNDLE_IDENTIFIER = Zheng.ZHFloatWindowUITests;
				PRODUCT_NAME = "$(TARGET_NAME)";
				TARGETED_DEVICE_FAMILY = "1,2";
				TEST_TARGET_NAME = ZHFloatWindow;
			};
			name = Release;
		};
/* End XCBuildConfiguration section */

/* Begin XCConfigurationList section */
		0F5E33DE242F330400623068 /* Build configuration list for PBXProject "ZHFloatWindow" */ = {
			isa = XCConfigurationList;
			buildConfigurations = (
				0F5E3410242F330600623068 /* Debug */,
				0F5E3411242F330600623068 /* Release */,
			);
			defaultConfigurationIsVisible = 0;
			defaultConfigurationName = Release;
		};
		0F5E3412242F330600623068 /* Build configuration list for PBXNativeTarget "ZHFloatWindow" */ = {
			isa = XCConfigurationList;
			buildConfigurations = (
				0F5E3413242F330600623068 /* Debug */,
				0F5E3414242F330600623068 /* Release */,
			);
			defaultConfigurationIsVisible = 0;
			defaultConfigurationName = Release;
		};
		0F5E3415242F330600623068 /* Build configuration list for PBXNativeTarget "ZHFloatWindowTests" */ = {
			isa = XCConfigurationList;
			buildConfigurations = (
				0F5E3416242F330600623068 /* Debug */,
				0F5E3417242F330600623068 /* Release */,
			);
			defaultConfigurationIsVisible = 0;
			defaultConfigurationName = Release;
		};
		0F5E3418242F330600623068 /* Build configuration list for PBXNativeTarget "ZHFloatWindowUITests" */ = {
			isa = XCConfigurationList;
			buildConfigurations = (
				0F5E3419242F330600623068 /* Debug */,
				0F5E341A242F330600623068 /* Release */,
			);
			defaultConfigurationIsVisible = 0;
			defaultConfigurationName = Release;
		};
/* End XCConfigurationList section */
	};
	rootObject = 0F5E33DB242F330400623068 /* Project object */;
}
